
Microsoft Visual Studio Solution File, Format Version 12.00
# Visual Studio 15
VisualStudioVersion = 15.0.26730.16
MinimumVisualStudioVersion = 10.0.40219.1
Project("{F184B08F-C81C-45F6-A57F-5ABD9991F28F}") = "Transvac ERP", "Transvac ERP\Transvac ERP.vbproj", "{BCE75D1D-5C99-41EA-81AF-6456D02FC74E}"
EndProject
Global
	GlobalSection(SolutionConfigurationPlatforms) = preSolution
		Debug|Any CPU = Debug|Any CPU
		Release|Any CPU = Release|Any CPU
	EndGlobalSection
	GlobalSection(ProjectConfigurationPlatforms) = postSolution
		{BCE75D1D-5C99-41EA-81AF-6456D02FC74E}.Debug|Any CPU.ActiveCfg = Debug|Any CPU
		{BCE75D1D-5C99-41EA-81AF-6456D02FC74E}.Debug|Any CPU.Build.0 = Debug|Any CPU
		{BCE75D1D-5C99-41EA-81AF-6456D02FC74E}.Release|Any CPU.ActiveCfg = Release|Any CPU
		{BCE75D1D-5C99-41EA-81AF-6456D02FC74E}.Release|Any CPU.Build.0 = Release|Any CPU
	EndGlobalSection
	GlobalSection(SolutionProperties) = preSolution
		HideSolutionNode = FALSE
	EndGlobalSection
	GlobalSection(ExtensibilityGlobals) = postSolution
		SolutionGuid = {06AA28E0-04DD-4000-9A65-9E1BF04B321F}
	EndGlobalSection
EndGlobal
